
Microsoft Visual Studio Solution File, Format Version 12.00
# Visual Studio Version 16
VisualStudioVersion = 16.0.29123.89
MinimumVisualStudioVersion = 10.0.40219.1
Project("{9A19103F-16F7-4668-BE54-9A1E7A4F7556}") = "TheWorld", "TheWorld\TheWorld.csproj", "{3A0369F7-B807-4AFC-8406-BC4F7DF3141B}"
EndProject
Global
	GlobalSection(SolutionConfigurationPlatforms) = preSolution
		Debug|Any CPU = Debug|Any CPU
		Release|Any CPU = Release|Any CPU
	EndGlobalSection
	GlobalSection(ProjectConfigurationPlatforms) = postSolution
		{3A0369F7-B807-4AFC-8406-BC4F7DF3141B}.Debug|Any CPU.ActiveCfg = Debug|Any CPU
		{3A0369F7-B807-4AFC-8406-BC4F7DF3141B}.Debug|Any CPU.Build.0 = Debug|Any CPU
		{3A0369F7-B807-4AFC-8406-BC4F7DF3141B}.Release|Any CPU.ActiveCfg = Release|Any CPU
		{3A0369F7-B807-4AFC-8406-BC4F7DF3141B}.Release|Any CPU.Build.0 = Release|Any CPU
	EndGlobalSection
	GlobalSection(SolutionProperties) = preSolution
		HideSolutionNode = FALSE
	EndGlobalSection
	GlobalSection(ExtensibilityGlobals) = postSolution
		SolutionGuid = {1831E4FE-55ED-4C8E-9547-6450BF2A57F0}
	EndGlobalSection
EndGlobal
